// !$*UTF8*$!
{
	archiveVersion = 1;
	classes = {
	};
	objectVersion = 77;
	objects = {

/* Begin PBXContainerItemProxy section */
		DDD762CF2F42349B009914F9 /* PBXContainerItemProxy */ = {
			isa = PBXContainerItemProxy;
			containerPortal = DDD762B72F42349A009914F9 /* Project object */;
			proxyType = 1;
			remoteGlobalIDString = DDD762BE2F42349A009914F9;
			remoteInfo = navigateur_pour_arthur;
		};
		DDD762D92F42349B009914F9 /* PBXContainerItemProxy */ = {
			isa = PBXContainerItemProxy;
			containerPortal = DDD762B72F42349A009914F9 /* Project object */;
			proxyType = 1;
			remoteGlobalIDString = DDD762BE2F42349A009914F9;
			remoteInfo = navigateur_pour_arthur;
		};
/* End PBXContainerItemProxy section */

/* Begin PBXFileReference section */
		DDD762BF2F42349A009914F9 /* navigateur_pour_arthur.app */ = {isa = PBXFileReference; explicitFileType = wrapper.application; includeInIndex = 0; path = navigateur_pour_arthur.app; sourceTree = BUILT_PRODUCTS_DIR; };
		DDD762CE2F42349B009914F9 /* navigateur_pour_arthurTests.xctest */ = {isa = PBXFileReference; explicitFileType = wrapper.cfbundle; includeInIndex = 0; path = navigateur_pour_arthurTests.xctest; sourceTree = BUILT_PRODUCTS_DIR; };
		DDD762D82F42349B009914F9 /* navigateur_pour_arthurUITests.xctest */ = {isa = PBXFileReference; explicitFileType = wrapper.cfbundle; includeInIndex = 0; path = navigateur_pour_arthurUITests.xctest; sourceTree = BUILT_PRODUCTS_DIR; };
/* End PBXFileReference section */

/* Begin PBXFileSystemSynchronizedRootGroup section */
		DDD762C12F42349A009914F9 /* navigateur_pour_arthur */ = {
			isa = PBXFileSystemSynchronizedRootGroup;
			path = navigateur_pour_arthur;
			sourceTree = "<group>";
		};
		DDD762D12F42349B009914F9 /* navigateur_pour_arthurTests */ = {
			isa = PBXFileSystemSynchronizedRootGroup;
			path = navigateur_pour_arthurTests;
			sourceTree = "<group>";
		};
		DDD762DB2F42349B009914F9 /* navigateur_pour_arthurUITests */ = {
			isa = PBXFileSystemSynchronizedRootGroup;
			path = navigateur_pour_arthurUITests;
			sourceTree = "<group>";
		};
/* End PBXFileSystemSynchronizedRootGroup section */

/* Begin PBXFrameworksBuildPhase section */
		DDD762BC2F42349A009914F9 /* Frameworks */ = {
			isa = PBXFrameworksBuildPhase;
			buildActionMask = 2147483647;
			files = (
			);
			runOnlyForDeploymentPostprocessing = 0;
		};
		DDD762CB2F42349B009914F9 /* Frameworks */ = {
			isa = PBXFrameworksBuildPhase;
			buildActionMask = 2147483647;
			files = (
			);
			runOnlyForDeploymentPostprocessing = 0;
		};
		DDD762D52F42349B009914F9 /* Frameworks */ = {
			isa = PBXFrameworksBuildPhase;
			buildActionMask = 2147483647;
			files = (
			);
			runOnlyForDeploymentPostprocessing = 0;
		};
/* End PBXFrameworksBuildPhase section */

/* Begin PBXGroup section */
		DDD762B62F42349A009914F9 = {
			isa = PBXGroup;
			children = (
				DDD762C12F42349A009914F9 /* navigateur_pour_arthur */,
				DDD762D12F42349B009914F9 /* navigateur_pour_arthurTests */,
				DDD762DB2F42349B009914F9 /* navigateur_pour_arthurUITests */,
				DDD762C02F42349A009914F9 /* Products */,
			);
			sourceTree = "<group>";
		};
		DDD762C02F42349A009914F9 /* Products */ = {
			isa = PBXGroup;
			children = (
				DDD762BF2F42349A009914F9 /* navigateur_pour_arthur.app */,
				DDD762CE2F42349B009914F9 /* navigateur_pour_arthurTests.xctest */,
				DDD762D82F42349B009914F9 /* navigateur_pour_arthurUITests.xctest */,
			);
			name = Products;
			sourceTree = "<group>";
		};
/* End PBXGroup section */

/* Begin PBXNativeTarget section */
		DDD762BE2F42349A009914F9 /* navigateur_pour_arthur */ = {
			isa = PBXNativeTarget;
			buildConfigurationList = DDD762E22F42349B009914F9 /* Build configuration list for PBXNativeTarget "navigateur_pour_arthur" */;
			buildPhases = (
				DDD762BB2F42349A009914F9 /* Sources */,
				DDD762BC2F42349A009914F9 /* Frameworks */,
				DDD762BD2F42349A009914F9 /* Resources */,
			);
			buildRules = (
			);
			dependencies = (
			);
			fileSystemSynchronizedGroups = (
				DDD762C12F42349A009914F9 /* navigateur_pour_arthur */,
			);
			name = navigateur_pour_arthur;
			packageProductDependencies = (
			);
			productName = navigateur_pour_arthur;
			productReference = DDD762BF2F42349A009914F9 /* navigateur_pour_arthur.app */;
			productType = "com.apple.product-type.application";
		};
		DDD762CD2F42349B009914F9 /* navigateur_pour_arthurTests */ = {
			isa = PBXNativeTarget;
			buildConfigurationList = DDD762E52F42349B009914F9 /* Build configuration list for PBXNativeTarget "navigateur_pour_arthurTests" */;
			buildPhases = (
				DDD762CA2F42349B009914F9 /* Sources */,
				DDD762CB2F42349B009914F9 /* Frameworks */,
				DDD762CC2F42349B009914F9 /* Resources */,
			);
			buildRules = (
			);
			dependencies = (
				DDD762D02F42349B009914F9 /* PBXTargetDependency */,
			);
			fileSystemSynchronizedGroups = (
				DDD762D12F42349B009914F9 /* navigateur_pour_arthurTests */,
			);
			name = navigateur_pour_arthurTests;
			packageProductDependencies = (
			);
			productName = navigateur_pour_arthurTests;
			productReference = DDD762CE2F42349B009914F9 /* navigateur_pour_arthurTests.xctest */;
			productType = "com.apple.product-type.bundle.unit-test";
		};
		DDD762D72F42349B009914F9 /* navigateur_pour_arthurUITests */ = {
			isa = PBXNativeTarget;
			buildConfigurationList = DDD762E82F42349B009914F9 /* Build configuration list for PBXNativeTarget "navigateur_pour_arthurUITests" */;
			buildPhases = (
				DDD762D42F42349B009914F9 /* Sources */,
				DDD762D52F42349B009914F9 /* Frameworks */,
				DDD762D62F42349B009914F9 /* Resources */,
			);
			buildRules = (
			);
			dependencies = (
				DDD762DA2F42349B009914F9 /* PBXTargetDependency */,
			);
			fileSystemSynchronizedGroups = (
				DDD762DB2F42349B009914F9 /* navigateur_pour_arthurUITests */,
			);
			name = navigateur_pour_arthurUITests;
			packageProductDependencies = (
			);
			productName = navigateur_pour_arthurUITests;
			productReference = DDD762D82F42349B009914F9 /* navigateur_pour_arthurUITests.xctest */;
			productType = "com.apple.product-type.bundle.ui-testing";
		};
/* End PBXNativeTarget section */

/* Begin PBXProject section */
		DDD762B72F42349A009914F9 /* Project object */ = {
			isa = PBXProject;
			attributes = {
				BuildIndependentTargetsInParallel = 1;
				LastSwiftUpdateCheck = 2620;
				LastUpgradeCheck = 2620;
				TargetAttributes = {
					DDD762BE2F42349A009914F9 = {
						CreatedOnToolsVersion = 26.2;
					};
					DDD762CD2F42349B009914F9 = {
						CreatedOnToolsVersion = 26.2;
						TestTargetID = DDD762BE2F42349A009914F9;
					};
					DDD762D72F42349B009914F9 = {
						CreatedOnToolsVersion = 26.2;
						TestTargetID = DDD762BE2F42349A009914F9;
					};
				};
			};
			buildConfigurationList = DDD762BA2F42349A009914F9 /* Build configuration list for PBXProject "navigateur_pour_arthur" */;
			developmentRegion = en;
			hasScannedForEncodings = 0;
			knownRegions = (
				en,
				Base,
			);
			mainGroup = DDD762B62F42349A009914F9;
			minimizedProjectReferenceProxies = 1;
			preferredProjectObjectVersion = 77;
			productRefGroup = DDD762C02F42349A009914F9 /* Products */;
			projectDirPath = "";
			projectRoot = "";
			targets = (
				DDD762BE2F42349A009914F9 /* navigateur_pour_arthur */,
				DDD762CD2F42349B009914F9 /* navigateur_pour_arthurTests */,
				DDD762D72F42349B009914F9 /* navigateur_pour_arthurUITests */,
			);
		};
/* End PBXProject section */

/* Begin PBXResourcesBuildPhase section */
		DDD762BD2F42349A009914F9 /* Resources */ = {
			isa = PBXResourcesBuildPhase;
			buildActionMask = 2147483647;
			files = (
			);
			runOnlyForDeploymentPostprocessing = 0;
		};
		DDD762CC2F42349B009914F9 /* Resources */ = {
			isa = PBXResourcesBuildPhase;
			buildActionMask = 2147483647;
			files = (
			);
			runOnlyForDeploymentPostprocessing = 0;
		};
		DDD762D62F42349B009914F9 /* Resources */ = {
			isa = PBXResourcesBuildPhase;
			buildActionMask = 2147483647;
			files = (
			);
			runOnlyForDeploymentPostprocessing = 0;
		};
/* End PBXResourcesBuildPhase section */

/* Begin PBXSourcesBuildPhase section */
		DDD762BB2F42349A009914F9 /* Sources */ = {
			isa = PBXSourcesBuildPhase;
			buildActionMask = 2147483647;
			files = (
			);
			runOnlyForDeploymentPostprocessing = 0;
		};
		DDD762CA2F42349B009914F9 /* Sources */ = {
			isa = PBXSourcesBuildPhase;
			buildActionMask = 2147483647;
			files = (
			);
			runOnlyForDeploymentPostprocessing = 0;
		};
		DDD762D42F42349B009914F9 /* Sources */ = {
			isa = PBXSourcesBuildPhase;
			buildActionMask = 2147483647;
			files = (
			);
			runOnlyForDeploymentPostprocessing = 0;
		};
/* End PBXSourcesBuildPhase section */

/* Begin PBXTargetDependency section */
		DDD762D02F42349B009914F9 /* PBXTargetDependency */ = {
			isa = PBXTargetDependency;
			target = DDD762BE2F42349A009914F9 /* navigateur_pour_arthur */;
			targetProxy = DDD762CF2F42349B009914F9 /* PBXContainerItemProxy */;
		};
		DDD762DA2F42349B009914F9 /* PBXTargetDependency */ = {
			isa = PBXTargetDependency;
			target = DDD762BE2F42349A009914F9 /* navigateur_pour_arthur */;
			targetProxy = DDD762D92F42349B009914F9 /* PBXContainerItemProxy */;
		};
/* End PBXTargetDependency section */

/* Begin XCBuildConfiguration section */
		DDD762E02F42349B009914F9 /* Debug */ = {
			isa = XCBuildConfiguration;
			buildSettings = {
				ALWAYS_SEARCH_USER_PATHS = NO;
				ASSETCATALOG_COMPILER_GENERATE_SWIFT_ASSET_SYMBOL_EXTENSIONS = YES;
				CLANG_ANALYZER_NONNULL = YES;
				CLANG_ANALYZER_NUMBER_OBJECT_CONVERSION = YES_AGGRESSIVE;
				CLANG_CXX_LANGUAGE_STANDARD = "gnu++20";
				CLANG_ENABLE_MODULES = YES;
				CLANG_ENABLE_OBJC_ARC = YES;
				CLANG_ENABLE_OBJC_WEAK = YES;
				CLANG_WARN_BLOCK_CAPTURE_AUTORELEASING = YES;
				CLANG_WARN_BOOL_CONVERSION = YES;
				CLANG_WARN_COMMA = YES;
				CLANG_WARN_CONSTANT_CONVERSION = YES;
				CLANG_WARN_DEPRECATED_OBJC_IMPLEMENTATIONS = YES;
				CLANG_WARN_DIRECT_OBJC_ISA_USAGE = YES_ERROR;
				CLANG_WARN_DOCUMENTATION_COMMENTS = YES;
				CLANG_WARN_EMPTY_BODY = YES;
				CLANG_WARN_ENUM_CONVERSION = YES;
				CLANG_WARN_INFINITE_RECURSION = YES;
				CLANG_WARN_INT_CONVERSION = YES;
				CLANG_WARN_NON_LITERAL_NULL_CONVERSION = YES;
				CLANG_WARN_OBJC_IMPLICIT_RETAIN_SELF = YES;
				CLANG_WARN_OBJC_LITERAL_CONVERSION = YES;
				CLANG_WARN_OBJC_ROOT_CLASS = YES_ERROR;
				CLANG_WARN_QUOTED_INCLUDE_IN_FRAMEWORK_HEADER = YES;
				CLANG_WARN_RANGE_LOOP_ANALYSIS = YES;
				CLANG_WARN_STRICT_PROTOTYPES = YES;
				CLANG_WARN_SUSPICIOUS_MOVE = YES;
				CLANG_WARN_UNGUARDED_AVAILABILITY = YES_AGGRESSIVE;
				CLANG_WARN_UNREACHABLE_CODE = YES;
				CLANG_WARN__DUPLICATE_METHOD_MATCH = YES;
				COPY_PHASE_STRIP = NO;
				DEBUG_INFORMATION_FORMAT = dwarf;
				DEVELOPMENT_TEAM = 2N49Q3K8X7;
				ENABLE_STRICT_OBJC_MSGSEND = YES;
				ENABLE_TESTABILITY = YES;
				ENABLE_USER_SCRIPT_SANDBOXING = YES;
				GCC_C_LANGUAGE_STANDARD = gnu17;
				GCC_DYNAMIC_NO_PIC = NO;
				GCC_NO_COMMON_BLOCKS = YES;
				GCC_OPTIMIZATION_LEVEL = 0;
				GCC_PREPROCESSOR_DEFINITIONS = (
					"DEBUG=1",
					"$(inherited)",
				);
				GCC_WARN_64_TO_32_BIT_CONVERSION = YES;
				GCC_WARN_ABOUT_RETURN_TYPE = YES_ERROR;
				GCC_WARN_UNDECLARED_SELECTOR = YES;
				GCC_WARN_UNINITIALIZED_AUTOS = YES_AGGRESSIVE;
				GCC_WARN_UNUSED_FUNCTION = YES;
				GCC_WARN_UNUSED_VARIABLE = YES;
				IPHONEOS_DEPLOYMENT_TARGET = 16.6;
				LOCALIZATION_PREFERS_STRING_CATALOGS = YES;
				MTL_ENABLE_DEBUG_INFO = INCLUDE_SOURCE;
				MTL_FAST_MATH = YES;
				ONLY_ACTIVE_ARCH = YES;
				SDKROOT = iphoneos;
				SWIFT_ACTIVE_COMPILATION_CONDITIONS = "DEBUG $(inherited)";
				SWIFT_OPTIMIZATION_LEVEL = "-Onone";
			};
			name = Debug;
		};
		DDD762E12F42349B009914F9 /* Release */ = {
			isa = XCBuildConfiguration;
			buildSettings = {
				ALWAYS_SEARCH_USER_PATHS = NO;
				ASSETCATALOG_COMPILER_GENERATE_SWIFT_ASSET_SYMBOL_EXTENSIONS = YES;
				CLANG_ANALYZER_NONNULL = YES;
				CLANG_ANALYZER_NUMBER_OBJECT_CONVERSION = YES_AGGRESSIVE;
				CLANG_CXX_LANGUAGE_STANDARD = "gnu++20";
				CLANG_ENABLE_MODULES = YES;
				CLANG_ENABLE_OBJC_ARC = YES;
				CLANG_ENABLE_OBJC_WEAK = YES;
				CLANG_WARN_BLOCK_CAPTURE_AUTORELEASING = YES;
				CLANG_WARN_BOOL_CONVERSION = YES;
				CLANG_WARN_COMMA = YES;
				CLANG_WARN_CONSTANT_CONVERSION = YES;
				CLANG_WARN_DEPRECATED_OBJC_IMPLEMENTATIONS = YES;
				CLANG_WARN_DIRECT_OBJC_ISA_USAGE = YES_ERROR;
				CLANG_WARN_DOCUMENTATION_COMMENTS = YES;
				CLANG_WARN_EMPTY_BODY = YES;
				CLANG_WARN_ENUM_CONVERSION = YES;
				CLANG_WARN_INFINITE_RECURSION = YES;
				CLANG_WARN_INT_CONVERSION = YES;
				CLANG_WARN_NON_LITERAL_NULL_CONVERSION = YES;
				CLANG_WARN_OBJC_IMPLICIT_RETAIN_SELF = YES;
				CLANG_WARN_OBJC_LITERAL_CONVERSION = YES;
				CLANG_WARN_OBJC_ROOT_CLASS = YES_ERROR;
				CLANG_WARN_QUOTED_INCLUDE_IN_FRAMEWORK_HEADER = YES;
				CLANG_WARN_RANGE_LOOP_ANALYSIS = YES;
				CLANG_WARN_STRICT_PROTOTYPES = YES;
				CLANG_WARN_SUSPICIOUS_MOVE = YES;
				CLANG_WARN_UNGUARDED_AVAILABILITY = YES_AGGRESSIVE;
				CLANG_WARN_UNREACHABLE_CODE = YES;
				CLANG_WARN__DUPLICATE_METHOD_MATCH = YES;
				COPY_PHASE_STRIP = NO;
				DEBUG_INFORMATION_FORMAT = "dwarf-with-dsym";
				DEVELOPMENT_TEAM = 2N49Q3K8X7;
				ENABLE_NS_ASSERTIONS = NO;
				ENABLE_STRICT_OBJC_MSGSEND = YES;
				ENABLE_USER_SCRIPT_SANDBOXING = YES;
				GCC_C_LANGUAGE_STANDARD = gnu17;
				GCC_NO_COMMON_BLOCKS = YES;
				GCC_WARN_64_TO_32_BIT_CONVERSION = YES;
				GCC_WARN_ABOUT_RETURN_TYPE = YES_ERROR;
				GCC_WARN_UNDECLARED_SELECTOR = YES;
				GCC_WARN_UNINITIALIZED_AUTOS = YES_AGGRESSIVE;
				GCC_WARN_UNUSED_FUNCTION = YES;
				GCC_WARN_UNUSED_VARIABLE = YES;
				IPHONEOS_DEPLOYMENT_TARGET = 16.6;
				LOCALIZATION_PREFERS_STRING_CATALOGS = YES;
				MTL_ENABLE_DEBUG_INFO = NO;
				MTL_FAST_MATH = YES;
				SDKROOT = iphoneos;
				SWIFT_COMPILATION_MODE = wholemodule;
				VALIDATE_PRODUCT = YES;
			};
			name = Release;
		};
		DDD762E32F42349B009914F9 /* Debug */ = {
			isa = XCBuildConfiguration;
			buildSettings = {
				ASSETCATALOG_COMPILER_APPICON_NAME = AppIcon;
				ASSETCATALOG_COMPILER_GLOBAL_ACCENT_COLOR_NAME = AccentColor;
				CODE_SIGN_STYLE = Automatic;
				CURRENT_PROJECT_VERSION = 1;
				DEVELOPMENT_TEAM = 2N49Q3K8X7;
				ENABLE_PREVIEWS = YES;
				GENERATE_INFOPLIST_FILE = YES;
				INFOPLIST_KEY_UIApplicationSceneManifest_Generation = YES;
				INFOPLIST_KEY_UIApplicationSupportsIndirectInputEvents = YES;
				INFOPLIST_KEY_UILaunchScreen_Generation = YES;
				INFOPLIST_KEY_UISupportedInterfaceOrientations_iPad = "UIInterfaceOrientationPortrait UIInterfaceOrientationPortraitUpsideDown UIInterfaceOrientationLandscapeLeft UIInterfaceOrientationLandscapeRight";
				INFOPLIST_KEY_UISupportedInterfaceOrientations_iPhone = "UIInterfaceOrientationPortrait UIInterfaceOrientationLandscapeLeft UIInterfaceOrientationLandscapeRight";
				LD_RUNPATH_SEARCH_PATHS = (
					"$(inherited)",
					"@executable_path/Frameworks",
				);
				MARKETING_VERSION = 1.0;
				PRODUCT_BUNDLE_IDENTIFIER = "TeamsGame001.navigateur-pour-arthur";
				PRODUCT_NAME = "$(TARGET_NAME)";
				STRING_CATALOG_GENERATE_SYMBOLS = YES;
				SWIFT_EMIT_LOC_STRINGS = YES;
				SWIFT_VERSION = 5.0;
				TARGETED_DEVICE_FAMILY = "1,2";
			};
			name = Debug;
		};
		DDD762E42F42349B009914F9 /* Release */ = {
			isa = XCBuildConfiguration;
			buildSettings = {
				ASSETCATALOG_COMPILER_APPICON_NAME = AppIcon;
				ASSETCATALOG_COMPILER_GLOBAL_ACCENT_COLOR_NAME = AccentColor;
				CODE_SIGN_STYLE = Automatic;
				CURRENT_PROJECT_VERSION = 1;
				DEVELOPMENT_TEAM = 2N49Q3K8X7;
				ENABLE_PREVIEWS = YES;
				GENERATE_INFOPLIST_FILE = YES;
				INFOPLIST_KEY_UIApplicationSceneManifest_Generation = YES;
				INFOPLIST_KEY_UIApplicationSupportsIndirectInputEvents = YES;
				INFOPLIST_KEY_UILaunchScreen_Generation = YES;
				INFOPLIST_KEY_UISupportedInterfaceOrientations_iPad = "UIInterfaceOrientationPortrait UIInterfaceOrientationPortraitUpsideDown UIInterfaceOrientationLandscapeLeft UIInterfaceOrientationLandscapeRight";
				INFOPLIST_KEY_UISupportedInterfaceOrientations_iPhone = "UIInterfaceOrientationPortrait UIInterfaceOrientationLandscapeLeft UIInterfaceOrientationLandscapeRight";
				LD_RUNPATH_SEARCH_PATHS = (
					"$(inherited)",
					"@executable_path/Frameworks",
				);
				MARKETING_VERSION = 1.0;
				PRODUCT_BUNDLE_IDENTIFIER = "TeamsGame001.navigateur-pour-arthur";
				PRODUCT_NAME = "$(TARGET_NAME)";
				STRING_CATALOG_GENERATE_SYMBOLS = YES;
				SWIFT_EMIT_LOC_STRINGS = YES;
				SWIFT_VERSION = 5.0;
				TARGETED_DEVICE_FAMILY = "1,2";
			};
			name = Release;
		};
		DDD762E62F42349B009914F9 /* Debug */ = {
			isa = XCBuildConfiguration;
			buildSettings = {
				BUNDLE_LOADER = "$(TEST_HOST)";
				CODE_SIGN_STYLE = Automatic;
				CURRENT_PROJECT_VERSION = 1;
				DEVELOPMENT_TEAM = 2N49Q3K8X7;
				GENERATE_INFOPLIST_FILE = YES;
				IPHONEOS_DEPLOYMENT_TARGET = 16.6;
				MARKETING_VERSION = 1.0;
				PRODUCT_BUNDLE_IDENTIFIER = "TeamsGame001.navigateur-pour-arthurTests";
				PRODUCT_NAME = "$(TARGET_NAME)";
				STRING_CATALOG_GENERATE_SYMBOLS = NO;
				SWIFT_APPROACHABLE_CONCURRENCY = YES;
				SWIFT_EMIT_LOC_STRINGS = NO;
				SWIFT_UPCOMING_FEATURE_MEMBER_IMPORT_VISIBILITY = YES;
				SWIFT_VERSION = 5.0;
				TARGETED_DEVICE_FAMILY = "1,2";
				TEST_HOST = "$(BUILT_PRODUCTS_DIR)/navigateur_pour_arthur.app/$(BUNDLE_EXECUTABLE_FOLDER_PATH)/navigateur_pour_arthur";
			};
			name = Debug;
		};
		DDD762E72F42349B009914F9 /* Release */ = {
			isa = XCBuildConfiguration;
			buildSettings = {
				BUNDLE_LOADER = "$(TEST_HOST)";
				CODE_SIGN_STYLE = Automatic;
				CURRENT_PROJECT_VERSION = 1;
				DEVELOPMENT_TEAM = 2N49Q3K8X7;
				GENERATE_INFOPLIST_FILE = YES;
				IPHONEOS_DEPLOYMENT_TARGET = 16.6;
				MARKETING_VERSION = 1.0;
				PRODUCT_BUNDLE_IDENTIFIER = "TeamsGame001.navigateur-pour-arthurTests";
				PRODUCT_NAME = "$(TARGET_NAME)";
				STRING_CATALOG_GENERATE_SYMBOLS = NO;
				SWIFT_APPROACHABLE_CONCURRENCY = YES;
				SWIFT_EMIT_LOC_STRINGS = NO;
				SWIFT_UPCOMING_FEATURE_MEMBER_IMPORT_VISIBILITY = YES;
				SWIFT_VERSION = 5.0;
				TARGETED_DEVICE_FAMILY = "1,2";
				TEST_HOST = "$(BUILT_PRODUCTS_DIR)/navigateur_pour_arthur.app/$(BUNDLE_EXECUTABLE_FOLDER_PATH)/navigateur_pour_arthur";
			};
			name = Release;
		};
		DDD762E92F42349B009914F9 /* Debug */ = {
			isa = XCBuildConfiguration;
			buildSettings = {
				CODE_SIGN_STYLE = Automatic;
				CURRENT_PROJECT_VERSION = 1;
				DEVELOPMENT_TEAM = 2N49Q3K8X7;
				GENERATE_INFOPLIST_FILE = YES;
				MARKETING_VERSION = 1.0;
				PRODUCT_BUNDLE_IDENTIFIER = "TeamsGame001.navigateur-pour-arthurUITests";
				PRODUCT_NAME = "$(TARGET_NAME)";
				STRING_CATALOG_GENERATE_SYMBOLS = NO;
				SWIFT_APPROACHABLE_CONCURRENCY = YES;
				SWIFT_EMIT_LOC_STRINGS = NO;
				SWIFT_UPCOMING_FEATURE_MEMBER_IMPORT_VISIBILITY = YES;
				SWIFT_VERSION = 5.0;
				TARGETED_DEVICE_FAMILY = "1,2";
				TEST_TARGET_NAME = navigateur_pour_arthur;
			};
			name = Debug;
		};
		DDD762EA2F42349B009914F9 /* Release */ = {
			isa = XCBuildConfiguration;
			buildSettings = {
				CODE_SIGN_STYLE = Automatic;
				CURRENT_PROJECT_VERSION = 1;
				DEVELOPMENT_TEAM = 2N49Q3K8X7;
				GENERATE_INFOPLIST_FILE = YES;
				MARKETING_VERSION = 1.0;
				PRODUCT_BUNDLE_IDENTIFIER = "TeamsGame001.navigateur-pour-arthurUITests";
				PRODUCT_NAME = "$(TARGET_NAME)";
				STRING_CATALOG_GENERATE_SYMBOLS = NO;
				SWIFT_APPROACHABLE_CONCURRENCY = YES;
				SWIFT_EMIT_LOC_STRINGS = NO;
				SWIFT_UPCOMING_FEATURE_MEMBER_IMPORT_VISIBILITY = YES;
				SWIFT_VERSION = 5.0;
				TARGETED_DEVICE_FAMILY = "1,2";
				TEST_TARGET_NAME = navigateur_pour_arthur;
			};
			name = Release;
		};
/* End XCBuildConfiguration section */

/* Begin XCConfigurationList section */
		DDD762BA2F42349A009914F9 /* Build configuration list for PBXProject "navigateur_pour_arthur" */ = {
			isa = XCConfigurationList;
			buildConfigurations = (
				DDD762E02F42349B009914F9 /* Debug */,
				DDD762E12F42349B009914F9 /* Release */,
			);
			defaultConfigurationIsVisible = 0;
			defaultConfigurationName = Release;
		};
		DDD762E22F42349B009914F9 /* Build configuration list for PBXNativeTarget "navigateur_pour_arthur" */ = {
			isa = XCConfigurationList;
			buildConfigurations = (
				DDD762E32F42349B009914F9 /* Debug */,
				DDD762E42F42349B009914F9 /* Release */,
			);
			defaultConfigurationIsVisible = 0;
			defaultConfigurationName = Release;
		};
		DDD762E52F42349B009914F9 /* Build configuration list for PBXNativeTarget "navigateur_pour_arthurTests" */ = {
			isa = XCConfigurationList;
			buildConfigurations = (
				DDD762E62F42349B009914F9 /* Debug */,
				DDD762E72F42349B009914F9 /* Release */,
			);
			defaultConfigurationIsVisible = 0;
			defaultConfigurationName = Release;
		};
		DDD762E82F42349B009914F9 /* Build configuration list for PBXNativeTarget "navigateur_pour_arthurUITests" */ = {
			isa = XCConfigurationList;
			buildConfigurations = (
				DDD762E92F42349B009914F9 /* Debug */,
				DDD762EA2F42349B009914F9 /* Release */,
			);
			defaultConfigurationIsVisible = 0;
			defaultConfigurationName = Release;
		};
/* End XCConfigurationList section */
	};
	rootObject = DDD762B72F42349A009914F9 /* Project object */;
}
